
Microsoft Visual Studio Solution File, Format Version 12.00
# Visual Studio Version 17
VisualStudioVersion = 17.1.32328.378
MinimumVisualStudioVersion = 10.0.40219.1
Project("{FAE04EC0-301F-11D3-BF4B-00C04F79EFBC}") = "Okol", "Okol.csproj", "{BA190F0B-7205-49E3-938D-218241C0C518}"
EndProject
Global
	GlobalSection(SolutionConfigurationPlatforms) = preSolution
		Debug|Any CPU = Debug|Any CPU
		Release|Any CPU = Release|Any CPU
	EndGlobalSection
	GlobalSection(ProjectConfigurationPlatforms) = postSolution
		{BA190F0B-7205-49E3-938D-218241C0C518}.Debug|Any CPU.ActiveCfg = Debug|Any CPU
		{BA190F0B-7205-49E3-938D-218241C0C518}.Debug|Any CPU.Build.0 = Debug|Any CPU
		{BA190F0B-7205-49E3-938D-218241C0C518}.Release|Any CPU.ActiveCfg = Release|Any CPU
		{BA190F0B-7205-49E3-938D-218241C0C518}.Release|Any CPU.Build.0 = Release|Any CPU
	EndGlobalSection
	GlobalSection(SolutionProperties) = preSolution
		HideSolutionNode = FALSE
	EndGlobalSection
	GlobalSection(ExtensibilityGlobals) = postSolution
		SolutionGuid = {E3C29C31-613C-4E84-A4B6-9BC2B344BEC6}
	EndGlobalSection
EndGlobal
