
Microsoft Visual Studio Solution File, Format Version 12.00
# Visual Studio Version 17
VisualStudioVersion = 17.1.32328.378
MinimumVisualStudioVersion = 10.0.40219.1
Project("{FAE04EC0-301F-11D3-BF4B-00C04F79EFBC}") = "ClientForm", "ClientForm.csproj", "{9750B044-4021-4938-B964-3CC8A6131235}"
EndProject
Global
	GlobalSection(SolutionConfigurationPlatforms) = preSolution
		Debug|Any CPU = Debug|Any CPU
		Release|Any CPU = Release|Any CPU
	EndGlobalSection
	GlobalSection(ProjectConfigurationPlatforms) = postSolution
		{9750B044-4021-4938-B964-3CC8A6131235}.Debug|Any CPU.ActiveCfg = Debug|Any CPU
		{9750B044-4021-4938-B964-3CC8A6131235}.Debug|Any CPU.Build.0 = Debug|Any CPU
		{9750B044-4021-4938-B964-3CC8A6131235}.Release|Any CPU.ActiveCfg = Release|Any CPU
		{9750B044-4021-4938-B964-3CC8A6131235}.Release|Any CPU.Build.0 = Release|Any CPU
	EndGlobalSection
	GlobalSection(SolutionProperties) = preSolution
		HideSolutionNode = FALSE
	EndGlobalSection
	GlobalSection(ExtensibilityGlobals) = postSolution
		SolutionGuid = {CD994911-E7E2-49FA-A30C-13CDDD827682}
	EndGlobalSection
EndGlobal
